
Microsoft Visual Studio Solution File, Format Version 12.00
# Visual Studio Version 17
VisualStudioVersion = 17.14.36429.23 d17.14
MinimumVisualStudioVersion = 10.0.40219.1
Project("{2150E333-8FDC-42A3-9474-1A3956D46DE8}") = "Task0", "Task0", "{02EA681E-C7D8-13C7-8484-4AC65E1B71E8}"
EndProject
Project("{FAE04EC0-301F-11D3-BF4B-00C04F79EFBC}") = "Tyuiu.MkhitaryanSG.Sprint5.Task0.V30", "Tyuiu.MkhitaryanSG.Sprint5.Task0.V30\Tyuiu.MkhitaryanSG.Sprint5.Task0.V30.csproj", "{73B01791-8532-4CE2-9C5D-C0296BBB7492}"
EndProject
Project("{FAE04EC0-301F-11D3-BF4B-00C04F79EFBC}") = "Tyuiu.MkhitaryanSG.Sprint5.Task0.V30.Lib", "Tyuiu.MkhitaryanSG.Sprint5.Task0.V30.Lib\Tyuiu.MkhitaryanSG.Sprint5.Task0.V30.Lib.csproj", "{77B05917-61FA-4307-AA77-7FE11250C2C1}"
EndProject
Project("{FAE04EC0-301F-11D3-BF4B-00C04F79EFBC}") = "Tyuiu.MkhitaryanSG.Sprint5.Task0.V30.Test", "Tyuiu.MkhitaryanSG.Sprint5.Task0.V30.Test\Tyuiu.MkhitaryanSG.Sprint5.Task0.V30.Test.csproj", "{CB99EB8B-900A-42CE-AAD0-57E6E6846060}"
EndProject
Project("{2150E333-8FDC-42A3-9474-1A3956D46DE8}") = "Task1", "Task1", "{5663FD56-55F6-4D32-AF30-BBBF473CD5DC}"
EndProject
Project("{FAE04EC0-301F-11D3-BF4B-00C04F79EFBC}") = "Tyuiu.MkhitaryanSG.Sprint5.Task1.V11", "Tyuiu.MkhitaryanSG.Sprint5.Task1.V11\Tyuiu.MkhitaryanSG.Sprint5.Task1.V11.csproj", "{332E2D1D-B413-4A43-B705-ED55AC57115B}"
EndProject
Project("{FAE04EC0-301F-11D3-BF4B-00C04F79EFBC}") = "Tyuiu.MkhitaryanSG.Sprint5.Task1.V11.Lib", "Tyuiu.MkhitaryanSG.Sprint5.Task1.V11.Lib\Tyuiu.MkhitaryanSG.Sprint5.Task1.V11.Lib.csproj", "{998297FE-5A51-4C67-A602-FF06AB6B6554}"
EndProject
Project("{FAE04EC0-301F-11D3-BF4B-00C04F79EFBC}") = "Tyuiu.MkhitaryanSG.Sprint5.Task1.V11.Test", "Tyuiu.MkhitaryanSG.Sprint5.Task1.V11.Test\Tyuiu.MkhitaryanSG.Sprint5.Task1.V11.Test.csproj", "{EF59A691-C51F-4AEB-BB8F-F55F5F6EC9EE}"
EndProject
Global
	GlobalSection(SolutionConfigurationPlatforms) = preSolution
		Debug|Any CPU = Debug|Any CPU
		Release|Any CPU = Release|Any CPU
	EndGlobalSection
	GlobalSection(ProjectConfigurationPlatforms) = postSolution
		{73B01791-8532-4CE2-9C5D-C0296BBB7492}.Debug|Any CPU.ActiveCfg = Debug|Any CPU
		{73B01791-8532-4CE2-9C5D-C0296BBB7492}.Debug|Any CPU.Build.0 = Debug|Any CPU
		{73B01791-8532-4CE2-9C5D-C0296BBB7492}.Release|Any CPU.ActiveCfg = Release|Any CPU
		{73B01791-8532-4CE2-9C5D-C0296BBB7492}.Release|Any CPU.Build.0 = Release|Any CPU
		{77B05917-61FA-4307-AA77-7FE11250C2C1}.Debug|Any CPU.ActiveCfg = Debug|Any CPU
		{77B05917-61FA-4307-AA77-7FE11250C2C1}.Debug|Any CPU.Build.0 = Debug|Any CPU
		{77B05917-61FA-4307-AA77-7FE11250C2C1}.Release|Any CPU.ActiveCfg = Release|Any CPU
		{77B05917-61FA-4307-AA77-7FE11250C2C1}.Release|Any CPU.Build.0 = Release|Any CPU
		{CB99EB8B-900A-42CE-AAD0-57E6E6846060}.Debug|Any CPU.ActiveCfg = Debug|Any CPU
		{CB99EB8B-900A-42CE-AAD0-57E6E6846060}.Debug|Any CPU.Build.0 = Debug|Any CPU
		{CB99EB8B-900A-42CE-AAD0-57E6E6846060}.Release|Any CPU.ActiveCfg = Release|Any CPU
		{CB99EB8B-900A-42CE-AAD0-57E6E6846060}.Release|Any CPU.Build.0 = Release|Any CPU
		{332E2D1D-B413-4A43-B705-ED55AC57115B}.Debug|Any CPU.ActiveCfg = Debug|Any CPU
		{332E2D1D-B413-4A43-B705-ED55AC57115B}.Debug|Any CPU.Build.0 = Debug|Any CPU
		{332E2D1D-B413-4A43-B705-ED55AC57115B}.Release|Any CPU.ActiveCfg = Release|Any CPU
		{332E2D1D-B413-4A43-B705-ED55AC57115B}.Release|Any CPU.Build.0 = Release|Any CPU
		{998297FE-5A51-4C67-A602-FF06AB6B6554}.Debug|Any CPU.ActiveCfg = Debug|Any CPU
		{998297FE-5A51-4C67-A602-FF06AB6B6554}.Debug|Any CPU.Build.0 = Debug|Any CPU
		{998297FE-5A51-4C67-A602-FF06AB6B6554}.Release|Any CPU.ActiveCfg = Release|Any CPU
		{998297FE-5A51-4C67-A602-FF06AB6B6554}.Release|Any CPU.Build.0 = Release|Any CPU
		{EF59A691-C51F-4AEB-BB8F-F55F5F6EC9EE}.Debug|Any CPU.ActiveCfg = Debug|Any CPU
		{EF59A691-C51F-4AEB-BB8F-F55F5F6EC9EE}.Debug|Any CPU.Build.0 = Debug|Any CPU
		{EF59A691-C51F-4AEB-BB8F-F55F5F6EC9EE}.Release|Any CPU.ActiveCfg = Release|Any CPU
		{EF59A691-C51F-4AEB-BB8F-F55F5F6EC9EE}.Release|Any CPU.Build.0 = Release|Any CPU
	EndGlobalSection
	GlobalSection(SolutionProperties) = preSolution
		HideSolutionNode = FALSE
	EndGlobalSection
	GlobalSection(NestedProjects) = preSolution
		{73B01791-8532-4CE2-9C5D-C0296BBB7492} = {02EA681E-C7D8-13C7-8484-4AC65E1B71E8}
		{77B05917-61FA-4307-AA77-7FE11250C2C1} = {02EA681E-C7D8-13C7-8484-4AC65E1B71E8}
		{CB99EB8B-900A-42CE-AAD0-57E6E6846060} = {02EA681E-C7D8-13C7-8484-4AC65E1B71E8}
		{332E2D1D-B413-4A43-B705-ED55AC57115B} = {5663FD56-55F6-4D32-AF30-BBBF473CD5DC}
		{998297FE-5A51-4C67-A602-FF06AB6B6554} = {5663FD56-55F6-4D32-AF30-BBBF473CD5DC}
		{EF59A691-C51F-4AEB-BB8F-F55F5F6EC9EE} = {5663FD56-55F6-4D32-AF30-BBBF473CD5DC}
	EndGlobalSection
	GlobalSection(ExtensibilityGlobals) = postSolution
		SolutionGuid = {5C94C81E-5EFE-4BDC-8D73-D030E957C5B2}
	EndGlobalSection
EndGlobal
